// !$*UTF8*$!
{
	archiveVersion = 1;
	classes = {
	};
	objectVersion = 55;
	objects = {

/* Begin PBXBuildFile section */
		344B59D527EDAA3C00F39F1C /* Gesture_ExamplesApp.swift in Sources */ = {isa = PBXBuildFile; fileRef = 344B59D427EDAA3C00F39F1C /* Gesture_ExamplesApp.swift */; };
		344B59D727EDAA3C00F39F1C /* ContentView.swift in Sources */ = {isa = PBXBuildFile; fileRef = 344B59D627EDAA3C00F39F1C /* ContentView.swift */; };
		344B59D927EDAA3F00F39F1C /* Assets.xcassets in Resources */ = {isa = PBXBuildFile; fileRef = 344B59D827EDAA3F00F39F1C /* Assets.xcassets */; };
		344B59DC27EDAA3F00F39F1C /* Preview Assets.xcassets in Resources */ = {isa = PBXBuildFile; fileRef = 344B59DB27EDAA3F00F39F1C /* Preview Assets.xcassets */; };
		344B59E327EDBB9F00F39F1C /* DraggableCircle.swift in Sources */ = {isa = PBXBuildFile; fileRef = 344B59E227EDBB9F00F39F1C /* DraggableCircle.swift */; };
		344B59E527EDC2B400F39F1C /* BasicGestures.swift in Sources */ = {isa = PBXBuildFile; fileRef = 344B59E427EDC2B400F39F1C /* BasicGestures.swift */; };
		344B59E827EDDD4900F39F1C /* ScalingCircle.swift in Sources */ = {isa = PBXBuildFile; fileRef = 344B59E727EDDD4900F39F1C /* ScalingCircle.swift */; };
/* End PBXBuildFile section */

/* Begin PBXFileReference section */
		344B59D127EDAA3C00F39F1C /* Gesture Examples.app */ = {isa = PBXFileReference; explicitFileType = wrapper.application; includeInIndex = 0; path = "Gesture Examples.app"; sourceTree = BUILT_PRODUCTS_DIR; };
		344B59D427EDAA3C00F39F1C /* Gesture_ExamplesApp.swift */ = {isa = PBXFileReference; lastKnownFileType = sourcecode.swift; path = Gesture_ExamplesApp.swift; sourceTree = "<group>"; };
		344B59D627EDAA3C00F39F1C /* ContentView.swift */ = {isa = PBXFileReference; lastKnownFileType = sourcecode.swift; path = ContentView.swift; sourceTree = "<group>"; };
		344B59D827EDAA3F00F39F1C /* Assets.xcassets */ = {isa = PBXFileReference; lastKnownFileType = folder.assetcatalog; path = Assets.xcassets; sourceTree = "<group>"; };
		344B59DB27EDAA3F00F39F1C /* Preview Assets.xcassets */ = {isa = PBXFileReference; lastKnownFileType = folder.assetcatalog; path = "Preview Assets.xcassets"; sourceTree = "<group>"; };
		344B59E227EDBB9F00F39F1C /* DraggableCircle.swift */ = {isa = PBXFileReference; lastKnownFileType = sourcecode.swift; path = DraggableCircle.swift; sourceTree = "<group>"; };
		344B59E427EDC2B400F39F1C /* BasicGestures.swift */ = {isa = PBXFileReference; lastKnownFileType = sourcecode.swift; path = BasicGestures.swift; sourceTree = "<group>"; };
		344B59E727EDDD4900F39F1C /* ScalingCircle.swift */ = {isa = PBXFileReference; lastKnownFileType = sourcecode.swift; path = ScalingCircle.swift; sourceTree = "<group>"; };
/* End PBXFileReference section */

/* Begin PBXFrameworksBuildPhase section */
		344B59CE27EDAA3C00F39F1C /* Frameworks */ = {
			isa = PBXFrameworksBuildPhase;
			buildActionMask = 2147483647;
			files = (
			);
			runOnlyForDeploymentPostprocessing = 0;
		};
/* End PBXFrameworksBuildPhase section */

/* Begin PBXGroup section */
		344B59C827EDAA3C00F39F1C = {
			isa = PBXGroup;
			children = (
				344B59D327EDAA3C00F39F1C /* Gesture Examples */,
				344B59D227EDAA3C00F39F1C /* Products */,
			);
			sourceTree = "<group>";
		};
		344B59D227EDAA3C00F39F1C /* Products */ = {
			isa = PBXGroup;
			children = (
				344B59D127EDAA3C00F39F1C /* Gesture Examples.app */,
			);
			name = Products;
			sourceTree = "<group>";
		};
		344B59D327EDAA3C00F39F1C /* Gesture Examples */ = {
			isa = PBXGroup;
			children = (
				344B59E627EDDB8E00F39F1C /* GestureViews */,
				344B59D427EDAA3C00F39F1C /* Gesture_ExamplesApp.swift */,
				344B59D627EDAA3C00F39F1C /* ContentView.swift */,
				344B59D827EDAA3F00F39F1C /* Assets.xcassets */,
				344B59DA27EDAA3F00F39F1C /* Preview Content */,
			);
			path = "Gesture Examples";
			sourceTree = "<group>";
		};
		344B59DA27EDAA3F00F39F1C /* Preview Content */ = {
			isa = PBXGroup;
			children = (
				344B59DB27EDAA3F00F39F1C /* Preview Assets.xcassets */,
			);
			path = "Preview Content";
			sourceTree = "<group>";
		};
		344B59E627EDDB8E00F39F1C /* GestureViews */ = {
			isa = PBXGroup;
			children = (
				344B59E427EDC2B400F39F1C /* BasicGestures.swift */,
				344B59E227EDBB9F00F39F1C /* DraggableCircle.swift */,
				344B59E727EDDD4900F39F1C /* ScalingCircle.swift */,
			);
			path = GestureViews;
			sourceTree = "<group>";
		};
/* End PBXGroup section */

/* Begin PBXNativeTarget section */
		344B59D027EDAA3C00F39F1C /* Gesture Examples */ = {
			isa = PBXNativeTarget;
			buildConfigurationList = 344B59DF27EDAA3F00F39F1C /* Build configuration list for PBXNativeTarget "Gesture Examples" */;
			buildPhases = (
				344B59CD27EDAA3C00F39F1C /* Sources */,
				344B59CE27EDAA3C00F39F1C /* Frameworks */,
				344B59CF27EDAA3C00F39F1C /* Resources */,
			);
			buildRules = (
			);
			dependencies = (
			);
			name = "Gesture Examples";
			productName = "Gesture Examples";
			productReference = 344B59D127EDAA3C00F39F1C /* Gesture Examples.app */;
			productType = "com.apple.product-type.application";
		};
/* End PBXNativeTarget section */

/* Begin PBXProject section */
		344B59C927EDAA3C00F39F1C /* Project object */ = {
			isa = PBXProject;
			attributes = {
				BuildIndependentTargetsInParallel = 1;
				LastSwiftUpdateCheck = 1330;
				LastUpgradeCheck = 1330;
				TargetAttributes = {
					344B59D027EDAA3C00F39F1C = {
						CreatedOnToolsVersion = 13.3;
					};
				};
			};
			buildConfigurationList = 344B59CC27EDAA3C00F39F1C /* Build configuration list for PBXProject "Gesture Examples" */;
			compatibilityVersion = "Xcode 13.0";
			developmentRegion = en;
			hasScannedForEncodings = 0;
			knownRegions = (
				en,
				Base,
			);
			mainGroup = 344B59C827EDAA3C00F39F1C;
			productRefGroup = 344B59D227EDAA3C00F39F1C /* Products */;
			projectDirPath = "";
			projectRoot = "";
			targets = (
				344B59D027EDAA3C00F39F1C /* Gesture Examples */,
			);
		};
/* End PBXProject section */

/* Begin PBXResourcesBuildPhase section */
		344B59CF27EDAA3C00F39F1C /* Resources */ = {
			isa = PBXResourcesBuildPhase;
			buildActionMask = 2147483647;
			files = (
				344B59DC27EDAA3F00F39F1C /* Preview Assets.xcassets in Resources */,
				344B59D927EDAA3F00F39F1C /* Assets.xcassets in Resources */,
			);
			runOnlyForDeploymentPostprocessing = 0;
		};
/* End PBXResourcesBuildPhase section */

/* Begin PBXSourcesBuildPhase section */
		344B59CD27EDAA3C00F39F1C /* Sources */ = {
			isa = PBXSourcesBuildPhase;
			buildActionMask = 2147483647;
			files = (
				344B59E327EDBB9F00F39F1C /* DraggableCircle.swift in Sources */,
				344B59D727EDAA3C00F39F1C /* ContentView.swift in Sources */,
				344B59E527EDC2B400F39F1C /* BasicGestures.swift in Sources */,
				344B59D527EDAA3C00F39F1C /* Gesture_ExamplesApp.swift in Sources */,
				344B59E827EDDD4900F39F1C /* ScalingCircle.swift in Sources */,
			);
			runOnlyForDeploymentPostprocessing = 0;
		};
/* End PBXSourcesBuildPhase section */

/* Begin XCBuildConfiguration section */
		344B59DD27EDAA3F00F39F1C /* Debug */ = {
			isa = XCBuildConfiguration;
			buildSettings = {
				ALWAYS_SEARCH_USER_PATHS = NO;
				CLANG_ANALYZER_NONNULL = YES;
				CLANG_ANALYZER_NUMBER_OBJECT_CONVERSION = YES_AGGRESSIVE;
				CLANG_CXX_LANGUAGE_STANDARD = "gnu++17";
				CLANG_ENABLE_MODULES = YES;
				CLANG_ENABLE_OBJC_ARC = YES;
				CLANG_ENABLE_OBJC_WEAK = YES;
				CLANG_WARN_BLOCK_CAPTURE_AUTORELEASING = YES;
				CLANG_WARN_BOOL_CONVERSION = YES;
				CLANG_WARN_COMMA = YES;
				CLANG_WARN_CONSTANT_CONVERSION = YES;
				CLANG_WARN_DEPRECATED_OBJC_IMPLEMENTATIONS = YES;
				CLANG_WARN_DIRECT_OBJC_ISA_USAGE = YES_ERROR;
				CLANG_WARN_DOCUMENTATION_COMMENTS = YES;
				CLANG_WARN_EMPTY_BODY = YES;
				CLANG_WARN_ENUM_CONVERSION = YES;
				CLANG_WARN_INFINITE_RECURSION = YES;
				CLANG_WARN_INT_CONVERSION = YES;
				CLANG_WARN_NON_LITERAL_NULL_CONVERSION = YES;
				CLANG_WARN_OBJC_IMPLICIT_RETAIN_SELF = YES;
				CLANG_WARN_OBJC_LITERAL_CONVERSION = YES;
				CLANG_WARN_OBJC_ROOT_CLASS = YES_ERROR;
				CLANG_WARN_QUOTED_INCLUDE_IN_FRAMEWORK_HEADER = YES;
				CLANG_WARN_RANGE_LOOP_ANALYSIS = YES;
				CLANG_WARN_STRICT_PROTOTYPES = YES;
				CLANG_WARN_SUSPICIOUS_MOVE = YES;
				CLANG_WARN_UNGUARDED_AVAILABILITY = YES_AGGRESSIVE;
				CLANG_WARN_UNREACHABLE_CODE = YES;
				CLANG_WARN__DUPLICATE_METHOD_MATCH = YES;
				COPY_PHASE_STRIP = NO;
				DEBUG_INFORMATION_FORMAT = dwarf;
				ENABLE_STRICT_OBJC_MSGSEND = YES;
				ENABLE_TESTABILITY = YES;
				GCC_C_LANGUAGE_STANDARD = gnu11;
				GCC_DYNAMIC_NO_PIC = NO;
				GCC_NO_COMMON_BLOCKS = YES;
				GCC_OPTIMIZATION_LEVEL = 0;
				GCC_PREPROCESSOR_DEFINITIONS = (
					"DEBUG=1",
					"$(inherited)",
				);
				GCC_WARN_64_TO_32_BIT_CONVERSION = YES;
				GCC_WARN_ABOUT_RETURN_TYPE = YES_ERROR;
				GCC_WARN_UNDECLARED_SELECTOR = YES;
				GCC_WARN_UNINITIALIZED_AUTOS = YES_AGGRESSIVE;
				GCC_WARN_UNUSED_FUNCTION = YES;
				GCC_WARN_UNUSED_VARIABLE = YES;
				IPHONEOS_DEPLOYMENT_TARGET = 15.4;
				MTL_ENABLE_DEBUG_INFO = INCLUDE_SOURCE;
				MTL_FAST_MATH = YES;
				ONLY_ACTIVE_ARCH = YES;
				SDKROOT = iphoneos;
				SWIFT_ACTIVE_COMPILATION_CONDITIONS = DEBUG;
				SWIFT_OPTIMIZATION_LEVEL = "-Onone";
			};
			name = Debug;
		};
		344B59DE27EDAA3F00F39F1C /* Release */ = {
			isa = XCBuildConfiguration;
			buildSettings = {
				ALWAYS_SEARCH_USER_PATHS = NO;
				CLANG_ANALYZER_NONNULL = YES;
				CLANG_ANALYZER_NUMBER_OBJECT_CONVERSION = YES_AGGRESSIVE;
				CLANG_CXX_LANGUAGE_STANDARD = "gnu++17";
				CLANG_ENABLE_MODULES = YES;
				CLANG_ENABLE_OBJC_ARC = YES;
				CLANG_ENABLE_OBJC_WEAK = YES;
				CLANG_WARN_BLOCK_CAPTURE_AUTORELEASING = YES;
				CLANG_WARN_BOOL_CONVERSION = YES;
				CLANG_WARN_COMMA = YES;
				CLANG_WARN_CONSTANT_CONVERSION = YES;
				CLANG_WARN_DEPRECATED_OBJC_IMPLEMENTATIONS = YES;
				CLANG_WARN_DIRECT_OBJC_ISA_USAGE = YES_ERROR;
				CLANG_WARN_DOCUMENTATION_COMMENTS = YES;
				CLANG_WARN_EMPTY_BODY = YES;
				CLANG_WARN_ENUM_CONVERSION = YES;
				CLANG_WARN_INFINITE_RECURSION = YES;
				CLANG_WARN_INT_CONVERSION = YES;
				CLANG_WARN_NON_LITERAL_NULL_CONVERSION = YES;
				CLANG_WARN_OBJC_IMPLICIT_RETAIN_SELF = YES;
				CLANG_WARN_OBJC_LITERAL_CONVERSION = YES;
				CLANG_WARN_OBJC_ROOT_CLASS = YES_ERROR;
				CLANG_WARN_QUOTED_INCLUDE_IN_FRAMEWORK_HEADER = YES;
				CLANG_WARN_RANGE_LOOP_ANALYSIS = YES;
				CLANG_WARN_STRICT_PROTOTYPES = YES;
				CLANG_WARN_SUSPICIOUS_MOVE = YES;
				CLANG_WARN_UNGUARDED_AVAILABILITY = YES_AGGRESSIVE;
				CLANG_WARN_UNREACHABLE_CODE = YES;
				CLANG_WARN__DUPLICATE_METHOD_MATCH = YES;
				COPY_PHASE_STRIP = NO;
				DEBUG_INFORMATION_FORMAT = "dwarf-with-dsym";
				ENABLE_NS_ASSERTIONS = NO;
				ENABLE_STRICT_OBJC_MSGSEND = YES;
				GCC_C_LANGUAGE_STANDARD = gnu11;
				GCC_NO_COMMON_BLOCKS = YES;
				GCC_WARN_64_TO_32_BIT_CONVERSION = YES;
				GCC_WARN_ABOUT_RETURN_TYPE = YES_ERROR;
				GCC_WARN_UNDECLARED_SELECTOR = YES;
				GCC_WARN_UNINITIALIZED_AUTOS = YES_AGGRESSIVE;
				GCC_WARN_UNUSED_FUNCTION = YES;
				GCC_WARN_UNUSED_VARIABLE = YES;
				IPHONEOS_DEPLOYMENT_TARGET = 15.4;
				MTL_ENABLE_DEBUG_INFO = NO;
				MTL_FAST_MATH = YES;
				SDKROOT = iphoneos;
				SWIFT_COMPILATION_MODE = wholemodule;
				SWIFT_OPTIMIZATION_LEVEL = "-O";
				VALIDATE_PRODUCT = YES;
			};
			name = Release;
		};
		344B59E027EDAA3F00F39F1C /* Debug */ = {
			isa = XCBuildConfiguration;
			buildSettings = {
				ASSETCATALOG_COMPILER_APPICON_NAME = AppIcon;
				ASSETCATALOG_COMPILER_GLOBAL_ACCENT_COLOR_NAME = AccentColor;
				CODE_SIGN_STYLE = Automatic;
				CURRENT_PROJECT_VERSION = 1;
				DEVELOPMENT_ASSET_PATHS = "\"Gesture Examples/Preview Content\"";
				DEVELOPMENT_TEAM = LBHT4Q3RSF;
				ENABLE_PREVIEWS = YES;
				GENERATE_INFOPLIST_FILE = YES;
				INFOPLIST_KEY_UIApplicationSceneManifest_Generation = YES;
				INFOPLIST_KEY_UIApplicationSupportsIndirectInputEvents = YES;
				INFOPLIST_KEY_UILaunchScreen_Generation = YES;
				INFOPLIST_KEY_UISupportedInterfaceOrientations_iPad = "UIInterfaceOrientationPortrait UIInterfaceOrientationPortraitUpsideDown UIInterfaceOrientationLandscapeLeft UIInterfaceOrientationLandscapeRight";
				INFOPLIST_KEY_UISupportedInterfaceOrientations_iPhone = "UIInterfaceOrientationPortrait UIInterfaceOrientationLandscapeLeft UIInterfaceOrientationLandscapeRight";
				LD_RUNPATH_SEARCH_PATHS = (
					"$(inherited)",
					"@executable_path/Frameworks",
				);
				MARKETING_VERSION = 1.0;
				PRODUCT_BUNDLE_IDENTIFIER = "com.niftytreestudios.Gesture-Examples";
				PRODUCT_NAME = "$(TARGET_NAME)";
				SWIFT_EMIT_LOC_STRINGS = YES;
				SWIFT_VERSION = 5.0;
				TARGETED_DEVICE_FAMILY = "1,2";
			};
			name = Debug;
		};
		344B59E127EDAA3F00F39F1C /* Release */ = {
			isa = XCBuildConfiguration;
			buildSettings = {
				ASSETCATALOG_COMPILER_APPICON_NAME = AppIcon;
				ASSETCATALOG_COMPILER_GLOBAL_ACCENT_COLOR_NAME = AccentColor;
				CODE_SIGN_STYLE = Automatic;
				CURRENT_PROJECT_VERSION = 1;
				DEVELOPMENT_ASSET_PATHS = "\"Gesture Examples/Preview Content\"";
				DEVELOPMENT_TEAM = LBHT4Q3RSF;
				ENABLE_PREVIEWS = YES;
				GENERATE_INFOPLIST_FILE = YES;
				INFOPLIST_KEY_UIApplicationSceneManifest_Generation = YES;
				INFOPLIST_KEY_UIApplicationSupportsIndirectInputEvents = YES;
				INFOPLIST_KEY_UILaunchScreen_Generation = YES;
				INFOPLIST_KEY_UISupportedInterfaceOrientations_iPad = "UIInterfaceOrientationPortrait UIInterfaceOrientationPortraitUpsideDown UIInterfaceOrientationLandscapeLeft UIInterfaceOrientationLandscapeRight";
				INFOPLIST_KEY_UISupportedInterfaceOrientations_iPhone = "UIInterfaceOrientationPortrait UIInterfaceOrientationLandscapeLeft UIInterfaceOrientationLandscapeRight";
				LD_RUNPATH_SEARCH_PATHS = (
					"$(inherited)",
					"@executable_path/Frameworks",
				);
				MARKETING_VERSION = 1.0;
				PRODUCT_BUNDLE_IDENTIFIER = "com.niftytreestudios.Gesture-Examples";
				PRODUCT_NAME = "$(TARGET_NAME)";
				SWIFT_EMIT_LOC_STRINGS = YES;
				SWIFT_VERSION = 5.0;
				TARGETED_DEVICE_FAMILY = "1,2";
			};
			name = Release;
		};
/* End XCBuildConfiguration section */

/* Begin XCConfigurationList section */
		344B59CC27EDAA3C00F39F1C /* Build configuration list for PBXProject "Gesture Examples" */ = {
			isa = XCConfigurationList;
			buildConfigurations = (
				344B59DD27EDAA3F00F39F1C /* Debug */,
				344B59DE27EDAA3F00F39F1C /* Release */,
			);
			defaultConfigurationIsVisible = 0;
			defaultConfigurationName = Release;
		};
		344B59DF27EDAA3F00F39F1C /* Build configuration list for PBXNativeTarget "Gesture Examples" */ = {
			isa = XCConfigurationList;
			buildConfigurations = (
				344B59E027EDAA3F00F39F1C /* Debug */,
				344B59E127EDAA3F00F39F1C /* Release */,
			);
			defaultConfigurationIsVisible = 0;
			defaultConfigurationName = Release;
		};
/* End XCConfigurationList section */
	};
	rootObject = 344B59C927EDAA3C00F39F1C /* Project object */;
}
